
Microsoft Visual Studio Solution File, Format Version 12.00
# Visual Studio Version 17
VisualStudioVersion = 17.5.2.0
MinimumVisualStudioVersion = 10.0.40219.1
Project("{FAE04EC0-301F-11D3-BF4B-00C04F79EFBC}") = "FactoryMethod", "FactoryMethod\FactoryMethod.csproj", "{32384711-8DF5-D156-80F7-C0BCB7BAA58C}"
EndProject
Project("{FAE04EC0-301F-11D3-BF4B-00C04F79EFBC}") = "Singleton", "Singleton\Singleton.csproj", "{CD1DB68A-7B62-4E59-A425-011AEED35DBF}"
EndProject
Project("{FAE04EC0-301F-11D3-BF4B-00C04F79EFBC}") = "Builder", "Builder\Builder.csproj", "{2B975D0D-7F38-46B7-BE38-2CC19DC8493D}"
EndProject
Project("{FAE04EC0-301F-11D3-BF4B-00C04F79EFBC}") = "Proxy", "Proxy\Proxy.csproj", "{3E1C7114-461B-437A-B14D-4EF573740F88}"
EndProject
Project("{FAE04EC0-301F-11D3-BF4B-00C04F79EFBC}") = "Adapter", "Adapter\Adapter.csproj", "{9E58F314-8FCC-4D79-AB94-EF3054A3CB00}"
EndProject
Project("{FAE04EC0-301F-11D3-BF4B-00C04F79EFBC}") = "Decorator", "Decorator\Decorator.csproj", "{8054E81D-C4FE-4EA4-AB35-8B9934342096}"
EndProject
Project("{FAE04EC0-301F-11D3-BF4B-00C04F79EFBC}") = "Facade", "Facade\Facade.csproj", "{9B69E3AA-D8ED-4C95-A5A9-55ECE46D1F8F}"
EndProject
Project("{FAE04EC0-301F-11D3-BF4B-00C04F79EFBC}") = "FlyWeight", "FlyWeight\FlyWeight.csproj", "{CE7FA2E8-ED2A-406C-8F2E-5D089680A56B}"
EndProject
Global
	GlobalSection(SolutionConfigurationPlatforms) = preSolution
		Debug|Any CPU = Debug|Any CPU
		Debug|x64 = Debug|x64
		Debug|x86 = Debug|x86
		Release|Any CPU = Release|Any CPU
		Release|x64 = Release|x64
		Release|x86 = Release|x86
	EndGlobalSection
	GlobalSection(ProjectConfigurationPlatforms) = postSolution
		{32384711-8DF5-D156-80F7-C0BCB7BAA58C}.Debug|Any CPU.ActiveCfg = Debug|Any CPU
		{32384711-8DF5-D156-80F7-C0BCB7BAA58C}.Debug|Any CPU.Build.0 = Debug|Any CPU
		{32384711-8DF5-D156-80F7-C0BCB7BAA58C}.Debug|x64.ActiveCfg = Debug|Any CPU
		{32384711-8DF5-D156-80F7-C0BCB7BAA58C}.Debug|x64.Build.0 = Debug|Any CPU
		{32384711-8DF5-D156-80F7-C0BCB7BAA58C}.Debug|x86.ActiveCfg = Debug|Any CPU
		{32384711-8DF5-D156-80F7-C0BCB7BAA58C}.Debug|x86.Build.0 = Debug|Any CPU
		{32384711-8DF5-D156-80F7-C0BCB7BAA58C}.Release|Any CPU.ActiveCfg = Release|Any CPU
		{32384711-8DF5-D156-80F7-C0BCB7BAA58C}.Release|Any CPU.Build.0 = Release|Any CPU
		{32384711-8DF5-D156-80F7-C0BCB7BAA58C}.Release|x64.ActiveCfg = Release|Any CPU
		{32384711-8DF5-D156-80F7-C0BCB7BAA58C}.Release|x64.Build.0 = Release|Any CPU
		{32384711-8DF5-D156-80F7-C0BCB7BAA58C}.Release|x86.ActiveCfg = Release|Any CPU
		{32384711-8DF5-D156-80F7-C0BCB7BAA58C}.Release|x86.Build.0 = Release|Any CPU
		{CD1DB68A-7B62-4E59-A425-011AEED35DBF}.Debug|Any CPU.ActiveCfg = Debug|Any CPU
		{CD1DB68A-7B62-4E59-A425-011AEED35DBF}.Debug|Any CPU.Build.0 = Debug|Any CPU
		{CD1DB68A-7B62-4E59-A425-011AEED35DBF}.Debug|x64.ActiveCfg = Debug|Any CPU
		{CD1DB68A-7B62-4E59-A425-011AEED35DBF}.Debug|x64.Build.0 = Debug|Any CPU
		{CD1DB68A-7B62-4E59-A425-011AEED35DBF}.Debug|x86.ActiveCfg = Debug|Any CPU
		{CD1DB68A-7B62-4E59-A425-011AEED35DBF}.Debug|x86.Build.0 = Debug|Any CPU
		{CD1DB68A-7B62-4E59-A425-011AEED35DBF}.Release|Any CPU.ActiveCfg = Release|Any CPU
		{CD1DB68A-7B62-4E59-A425-011AEED35DBF}.Release|Any CPU.Build.0 = Release|Any CPU
		{CD1DB68A-7B62-4E59-A425-011AEED35DBF}.Release|x64.ActiveCfg = Release|Any CPU
		{CD1DB68A-7B62-4E59-A425-011AEED35DBF}.Release|x64.Build.0 = Release|Any CPU
		{CD1DB68A-7B62-4E59-A425-011AEED35DBF}.Release|x86.ActiveCfg = Release|Any CPU
		{CD1DB68A-7B62-4E59-A425-011AEED35DBF}.Release|x86.Build.0 = Release|Any CPU
		{2B975D0D-7F38-46B7-BE38-2CC19DC8493D}.Debug|Any CPU.ActiveCfg = Debug|Any CPU
		{2B975D0D-7F38-46B7-BE38-2CC19DC8493D}.Debug|Any CPU.Build.0 = Debug|Any CPU
		{2B975D0D-7F38-46B7-BE38-2CC19DC8493D}.Debug|x64.ActiveCfg = Debug|Any CPU
		{2B975D0D-7F38-46B7-BE38-2CC19DC8493D}.Debug|x64.Build.0 = Debug|Any CPU
		{2B975D0D-7F38-46B7-BE38-2CC19DC8493D}.Debug|x86.ActiveCfg = Debug|Any CPU
		{2B975D0D-7F38-46B7-BE38-2CC19DC8493D}.Debug|x86.Build.0 = Debug|Any CPU
		{2B975D0D-7F38-46B7-BE38-2CC19DC8493D}.Release|Any CPU.ActiveCfg = Release|Any CPU
		{2B975D0D-7F38-46B7-BE38-2CC19DC8493D}.Release|Any CPU.Build.0 = Release|Any CPU
		{2B975D0D-7F38-46B7-BE38-2CC19DC8493D}.Release|x64.ActiveCfg = Release|Any CPU
		{2B975D0D-7F38-46B7-BE38-2CC19DC8493D}.Release|x64.Build.0 = Release|Any CPU
		{2B975D0D-7F38-46B7-BE38-2CC19DC8493D}.Release|x86.ActiveCfg = Release|Any CPU
		{2B975D0D-7F38-46B7-BE38-2CC19DC8493D}.Release|x86.Build.0 = Release|Any CPU
		{3E1C7114-461B-437A-B14D-4EF573740F88}.Debug|Any CPU.ActiveCfg = Debug|Any CPU
		{3E1C7114-461B-437A-B14D-4EF573740F88}.Debug|Any CPU.Build.0 = Debug|Any CPU
		{3E1C7114-461B-437A-B14D-4EF573740F88}.Debug|x64.ActiveCfg = Debug|Any CPU
		{3E1C7114-461B-437A-B14D-4EF573740F88}.Debug|x64.Build.0 = Debug|Any CPU
		{3E1C7114-461B-437A-B14D-4EF573740F88}.Debug|x86.ActiveCfg = Debug|Any CPU
		{3E1C7114-461B-437A-B14D-4EF573740F88}.Debug|x86.Build.0 = Debug|Any CPU
		{3E1C7114-461B-437A-B14D-4EF573740F88}.Release|Any CPU.ActiveCfg = Release|Any CPU
		{3E1C7114-461B-437A-B14D-4EF573740F88}.Release|Any CPU.Build.0 = Release|Any CPU
		{3E1C7114-461B-437A-B14D-4EF573740F88}.Release|x64.ActiveCfg = Release|Any CPU
		{3E1C7114-461B-437A-B14D-4EF573740F88}.Release|x64.Build.0 = Release|Any CPU
		{3E1C7114-461B-437A-B14D-4EF573740F88}.Release|x86.ActiveCfg = Release|Any CPU
		{3E1C7114-461B-437A-B14D-4EF573740F88}.Release|x86.Build.0 = Release|Any CPU
		{9E58F314-8FCC-4D79-AB94-EF3054A3CB00}.Debug|Any CPU.ActiveCfg = Debug|Any CPU
		{9E58F314-8FCC-4D79-AB94-EF3054A3CB00}.Debug|Any CPU.Build.0 = Debug|Any CPU
		{9E58F314-8FCC-4D79-AB94-EF3054A3CB00}.Debug|x64.ActiveCfg = Debug|Any CPU
		{9E58F314-8FCC-4D79-AB94-EF3054A3CB00}.Debug|x64.Build.0 = Debug|Any CPU
		{9E58F314-8FCC-4D79-AB94-EF3054A3CB00}.Debug|x86.ActiveCfg = Debug|Any CPU
		{9E58F314-8FCC-4D79-AB94-EF3054A3CB00}.Debug|x86.Build.0 = Debug|Any CPU
		{9E58F314-8FCC-4D79-AB94-EF3054A3CB00}.Release|Any CPU.ActiveCfg = Release|Any CPU
		{9E58F314-8FCC-4D79-AB94-EF3054A3CB00}.Release|Any CPU.Build.0 = Release|Any CPU
		{9E58F314-8FCC-4D79-AB94-EF3054A3CB00}.Release|x64.ActiveCfg = Release|Any CPU
		{9E58F314-8FCC-4D79-AB94-EF3054A3CB00}.Release|x64.Build.0 = Release|Any CPU
		{9E58F314-8FCC-4D79-AB94-EF3054A3CB00}.Release|x86.ActiveCfg = Release|Any CPU
		{9E58F314-8FCC-4D79-AB94-EF3054A3CB00}.Release|x86.Build.0 = Release|Any CPU
		{8054E81D-C4FE-4EA4-AB35-8B9934342096}.Debug|Any CPU.ActiveCfg = Debug|Any CPU
		{8054E81D-C4FE-4EA4-AB35-8B9934342096}.Debug|Any CPU.Build.0 = Debug|Any CPU
		{8054E81D-C4FE-4EA4-AB35-8B9934342096}.Debug|x64.ActiveCfg = Debug|Any CPU
		{8054E81D-C4FE-4EA4-AB35-8B9934342096}.Debug|x64.Build.0 = Debug|Any CPU
		{8054E81D-C4FE-4EA4-AB35-8B9934342096}.Debug|x86.ActiveCfg = Debug|Any CPU
		{8054E81D-C4FE-4EA4-AB35-8B9934342096}.Debug|x86.Build.0 = Debug|Any CPU
		{8054E81D-C4FE-4EA4-AB35-8B9934342096}.Release|Any CPU.ActiveCfg = Release|Any CPU
		{8054E81D-C4FE-4EA4-AB35-8B9934342096}.Release|Any CPU.Build.0 = Release|Any CPU
		{8054E81D-C4FE-4EA4-AB35-8B9934342096}.Release|x64.ActiveCfg = Release|Any CPU
		{8054E81D-C4FE-4EA4-AB35-8B9934342096}.Release|x64.Build.0 = Release|Any CPU
		{8054E81D-C4FE-4EA4-AB35-8B9934342096}.Release|x86.ActiveCfg = Release|Any CPU
		{8054E81D-C4FE-4EA4-AB35-8B9934342096}.Release|x86.Build.0 = Release|Any CPU
		{9B69E3AA-D8ED-4C95-A5A9-55ECE46D1F8F}.Debug|Any CPU.ActiveCfg = Debug|Any CPU
		{9B69E3AA-D8ED-4C95-A5A9-55ECE46D1F8F}.Debug|Any CPU.Build.0 = Debug|Any CPU
		{9B69E3AA-D8ED-4C95-A5A9-55ECE46D1F8F}.Debug|x64.ActiveCfg = Debug|Any CPU
		{9B69E3AA-D8ED-4C95-A5A9-55ECE46D1F8F}.Debug|x64.Build.0 = Debug|Any CPU
		{9B69E3AA-D8ED-4C95-A5A9-55ECE46D1F8F}.Debug|x86.ActiveCfg = Debug|Any CPU
		{9B69E3AA-D8ED-4C95-A5A9-55ECE46D1F8F}.Debug|x86.Build.0 = Debug|Any CPU
		{9B69E3AA-D8ED-4C95-A5A9-55ECE46D1F8F}.Release|Any CPU.ActiveCfg = Release|Any CPU
		{9B69E3AA-D8ED-4C95-A5A9-55ECE46D1F8F}.Release|Any CPU.Build.0 = Release|Any CPU
		{9B69E3AA-D8ED-4C95-A5A9-55ECE46D1F8F}.Release|x64.ActiveCfg = Release|Any CPU
		{9B69E3AA-D8ED-4C95-A5A9-55ECE46D1F8F}.Release|x64.Build.0 = Release|Any CPU
		{9B69E3AA-D8ED-4C95-A5A9-55ECE46D1F8F}.Release|x86.ActiveCfg = Release|Any CPU
		{9B69E3AA-D8ED-4C95-A5A9-55ECE46D1F8F}.Release|x86.Build.0 = Release|Any CPU
		{CE7FA2E8-ED2A-406C-8F2E-5D089680A56B}.Debug|Any CPU.ActiveCfg = Debug|Any CPU
		{CE7FA2E8-ED2A-406C-8F2E-5D089680A56B}.Debug|Any CPU.Build.0 = Debug|Any CPU
		{CE7FA2E8-ED2A-406C-8F2E-5D089680A56B}.Debug|x64.ActiveCfg = Debug|Any CPU
		{CE7FA2E8-ED2A-406C-8F2E-5D089680A56B}.Debug|x64.Build.0 = Debug|Any CPU
		{CE7FA2E8-ED2A-406C-8F2E-5D089680A56B}.Debug|x86.ActiveCfg = Debug|Any CPU
		{CE7FA2E8-ED2A-406C-8F2E-5D089680A56B}.Debug|x86.Build.0 = Debug|Any CPU
		{CE7FA2E8-ED2A-406C-8F2E-5D089680A56B}.Release|Any CPU.ActiveCfg = Release|Any CPU
		{CE7FA2E8-ED2A-406C-8F2E-5D089680A56B}.Release|Any CPU.Build.0 = Release|Any CPU
		{CE7FA2E8-ED2A-406C-8F2E-5D089680A56B}.Release|x64.ActiveCfg = Release|Any CPU
		{CE7FA2E8-ED2A-406C-8F2E-5D089680A56B}.Release|x64.Build.0 = Release|Any CPU
		{CE7FA2E8-ED2A-406C-8F2E-5D089680A56B}.Release|x86.ActiveCfg = Release|Any CPU
		{CE7FA2E8-ED2A-406C-8F2E-5D089680A56B}.Release|x86.Build.0 = Release|Any CPU
	EndGlobalSection
	GlobalSection(SolutionProperties) = preSolution
		HideSolutionNode = FALSE
	EndGlobalSection
	GlobalSection(ExtensibilityGlobals) = postSolution
		SolutionGuid = {83493FA5-E490-4F3C-B019-50A551F9D60E}
	EndGlobalSection
EndGlobal
